
Microsoft Visual Studio Solution File, Format Version 12.00
# Visual Studio Version 17
VisualStudioVersion = 17.4.33103.184
MinimumVisualStudioVersion = 10.0.40219.1
Project("{FAE04EC0-301F-11D3-BF4B-00C04F79EFBC}") = "BookInventoryAdminProgram", "BookInventoryAdminProgram\BookInventoryAdminProgram.csproj", "{FEEED567-0276-42E3-929B-EDAC017DE64A}"
EndProject
Global
	GlobalSection(SolutionConfigurationPlatforms) = preSolution
		Debug|Any CPU = Debug|Any CPU
		Release|Any CPU = Release|Any CPU
	EndGlobalSection
	GlobalSection(ProjectConfigurationPlatforms) = postSolution
		{FEEED567-0276-42E3-929B-EDAC017DE64A}.Debug|Any CPU.ActiveCfg = Debug|Any CPU
		{FEEED567-0276-42E3-929B-EDAC017DE64A}.Debug|Any CPU.Build.0 = Debug|Any CPU
		{FEEED567-0276-42E3-929B-EDAC017DE64A}.Release|Any CPU.ActiveCfg = Release|Any CPU
		{FEEED567-0276-42E3-929B-EDAC017DE64A}.Release|Any CPU.Build.0 = Release|Any CPU
	EndGlobalSection
	GlobalSection(SolutionProperties) = preSolution
		HideSolutionNode = FALSE
	EndGlobalSection
	GlobalSection(ExtensibilityGlobals) = postSolution
		SolutionGuid = {165FD7F0-2C4E-45D5-91DD-718721041D1E}
	EndGlobalSection
EndGlobal
